
Microsoft Visual Studio Solution File, Format Version 12.00
# Visual Studio Version 17
VisualStudioVersion = 17.7.34031.279
MinimumVisualStudioVersion = 10.0.40219.1
Project("{8BC9CEB8-8B4A-11D0-8D11-00A0C91BC942}") = "BOJ_1251", "BOJ_1251\BOJ_1251.vcxproj", "{7E60A0D9-A21E-4599-9AB9-ABBFD69A84E8}"
EndProject
Global
	GlobalSection(SolutionConfigurationPlatforms) = preSolution
		Debug|x64 = Debug|x64
		Release|x64 = Release|x64
	EndGlobalSection
	GlobalSection(ProjectConfigurationPlatforms) = postSolution
		{7E60A0D9-A21E-4599-9AB9-ABBFD69A84E8}.Debug|x64.ActiveCfg = Debug|x64
		{7E60A0D9-A21E-4599-9AB9-ABBFD69A84E8}.Debug|x64.Build.0 = Debug|x64
		{7E60A0D9-A21E-4599-9AB9-ABBFD69A84E8}.Release|x64.ActiveCfg = Release|x64
		{7E60A0D9-A21E-4599-9AB9-ABBFD69A84E8}.Release|x64.Build.0 = Release|x64
	EndGlobalSection
	GlobalSection(SolutionProperties) = preSolution
		HideSolutionNode = FALSE
	EndGlobalSection
	GlobalSection(ExtensibilityGlobals) = postSolution
		SolutionGuid = {2646C0A0-4595-479C-A1EF-D60B1A532303}
	EndGlobalSection
EndGlobal
